
Microsoft Visual Studio Solution File, Format Version 12.00
# Visual Studio 2012
Project("{FAE04EC0-301F-11D3-BF4B-00C04F79EFBC}") = "SafeDepositBox", "SafeDepositBox.csproj", "{CF5161E3-46B0-4542-8E71-68FFCEFEDA12}"
EndProject
Global
	GlobalSection(SolutionConfigurationPlatforms) = preSolution
		Debug|Any CPU = Debug|Any CPU
		Release|Any CPU = Release|Any CPU
	EndGlobalSection
	GlobalSection(ProjectConfigurationPlatforms) = postSolution
		{CF5161E3-46B0-4542-8E71-68FFCEFEDA12}.Debug|Any CPU.ActiveCfg = Debug|Any CPU
		{CF5161E3-46B0-4542-8E71-68FFCEFEDA12}.Debug|Any CPU.Build.0 = Debug|Any CPU
		{CF5161E3-46B0-4542-8E71-68FFCEFEDA12}.Release|Any CPU.ActiveCfg = Release|Any CPU
		{CF5161E3-46B0-4542-8E71-68FFCEFEDA12}.Release|Any CPU.Build.0 = Release|Any CPU
	EndGlobalSection
	GlobalSection(SolutionProperties) = preSolution
		HideSolutionNode = FALSE
	EndGlobalSection
EndGlobal
