
Microsoft Visual Studio Solution File, Format Version 12.00
# Visual Studio 2012
Project("{FAE04EC0-301F-11D3-BF4B-00C04F79EFBC}") = "TestScores", "TestScores.csproj", "{BA5F4CC8-2ED5-41FE-84F4-A103B0DB12EE}"
EndProject
Global
	GlobalSection(SolutionConfigurationPlatforms) = preSolution
		Debug|Any CPU = Debug|Any CPU
		Release|Any CPU = Release|Any CPU
	EndGlobalSection
	GlobalSection(ProjectConfigurationPlatforms) = postSolution
		{BA5F4CC8-2ED5-41FE-84F4-A103B0DB12EE}.Debug|Any CPU.ActiveCfg = Debug|Any CPU
		{BA5F4CC8-2ED5-41FE-84F4-A103B0DB12EE}.Debug|Any CPU.Build.0 = Debug|Any CPU
		{BA5F4CC8-2ED5-41FE-84F4-A103B0DB12EE}.Release|Any CPU.ActiveCfg = Release|Any CPU
		{BA5F4CC8-2ED5-41FE-84F4-A103B0DB12EE}.Release|Any CPU.Build.0 = Release|Any CPU
	EndGlobalSection
	GlobalSection(SolutionProperties) = preSolution
		HideSolutionNode = FALSE
	EndGlobalSection
EndGlobal
