
Microsoft Visual Studio Solution File, Format Version 12.00
# Visual Studio 2012
Project("{FAE04EC0-301F-11D3-BF4B-00C04F79EFBC}") = "1DV402.S2.L1B", "1DV402.S2.L1B\1DV402.S2.L1B.csproj", "{A253EC93-784A-4F79-AEC7-4F5953F78D5A}"
EndProject
Project("{FAE04EC0-301F-11D3-BF4B-00C04F79EFBC}") = "1DV402.S2.L1B.TestProject", "1DV402.S2.L1B.TestProject\1DV402.S2.L1B.TestProject.csproj", "{A86094AB-07D9-44E2-96EC-09BAFC41FB75}"
EndProject
Global
	GlobalSection(SolutionConfigurationPlatforms) = preSolution
		Debug|Any CPU = Debug|Any CPU
		Debug|Mixed Platforms = Debug|Mixed Platforms
		Debug|Win32 = Debug|Win32
		Release|Any CPU = Release|Any CPU
		Release|Mixed Platforms = Release|Mixed Platforms
		Release|Win32 = Release|Win32
	EndGlobalSection
	GlobalSection(ProjectConfigurationPlatforms) = postSolution
		{A253EC93-784A-4F79-AEC7-4F5953F78D5A}.Debug|Any CPU.ActiveCfg = Debug|Any CPU
		{A253EC93-784A-4F79-AEC7-4F5953F78D5A}.Debug|Any CPU.Build.0 = Debug|Any CPU
		{A253EC93-784A-4F79-AEC7-4F5953F78D5A}.Debug|Mixed Platforms.ActiveCfg = Debug|Any CPU
		{A253EC93-784A-4F79-AEC7-4F5953F78D5A}.Debug|Mixed Platforms.Build.0 = Debug|Any CPU
		{A253EC93-784A-4F79-AEC7-4F5953F78D5A}.Debug|Win32.ActiveCfg = Debug|Any CPU
		{A253EC93-784A-4F79-AEC7-4F5953F78D5A}.Release|Any CPU.ActiveCfg = Release|Any CPU
		{A253EC93-784A-4F79-AEC7-4F5953F78D5A}.Release|Any CPU.Build.0 = Release|Any CPU
		{A253EC93-784A-4F79-AEC7-4F5953F78D5A}.Release|Mixed Platforms.ActiveCfg = Release|Any CPU
		{A253EC93-784A-4F79-AEC7-4F5953F78D5A}.Release|Mixed Platforms.Build.0 = Release|Any CPU
		{A253EC93-784A-4F79-AEC7-4F5953F78D5A}.Release|Win32.ActiveCfg = Release|Any CPU
		{A86094AB-07D9-44E2-96EC-09BAFC41FB75}.Debug|Any CPU.ActiveCfg = Debug|Any CPU
		{A86094AB-07D9-44E2-96EC-09BAFC41FB75}.Debug|Any CPU.Build.0 = Debug|Any CPU
		{A86094AB-07D9-44E2-96EC-09BAFC41FB75}.Debug|Mixed Platforms.ActiveCfg = Debug|Any CPU
		{A86094AB-07D9-44E2-96EC-09BAFC41FB75}.Debug|Mixed Platforms.Build.0 = Debug|Any CPU
		{A86094AB-07D9-44E2-96EC-09BAFC41FB75}.Debug|Win32.ActiveCfg = Debug|Any CPU
		{A86094AB-07D9-44E2-96EC-09BAFC41FB75}.Release|Any CPU.ActiveCfg = Release|Any CPU
		{A86094AB-07D9-44E2-96EC-09BAFC41FB75}.Release|Any CPU.Build.0 = Release|Any CPU
		{A86094AB-07D9-44E2-96EC-09BAFC41FB75}.Release|Mixed Platforms.ActiveCfg = Release|Any CPU
		{A86094AB-07D9-44E2-96EC-09BAFC41FB75}.Release|Mixed Platforms.Build.0 = Release|Any CPU
		{A86094AB-07D9-44E2-96EC-09BAFC41FB75}.Release|Win32.ActiveCfg = Release|Any CPU
	EndGlobalSection
	GlobalSection(SolutionProperties) = preSolution
		HideSolutionNode = FALSE
	EndGlobalSection
EndGlobal
