
Microsoft Visual Studio Solution File, Format Version 12.00
# Visual Studio 2012
Project("{FAE04EC0-301F-11D3-BF4B-00C04F79EFBC}") = "StaticAddition", "StaticAddition.csproj", "{AC39E02C-E463-46B4-8420-5BC28C0BDFDC}"
EndProject
Global
	GlobalSection(SolutionConfigurationPlatforms) = preSolution
		Debug|Any CPU = Debug|Any CPU
		Release|Any CPU = Release|Any CPU
	EndGlobalSection
	GlobalSection(ProjectConfigurationPlatforms) = postSolution
		{AC39E02C-E463-46B4-8420-5BC28C0BDFDC}.Debug|Any CPU.ActiveCfg = Debug|Any CPU
		{AC39E02C-E463-46B4-8420-5BC28C0BDFDC}.Debug|Any CPU.Build.0 = Debug|Any CPU
		{AC39E02C-E463-46B4-8420-5BC28C0BDFDC}.Release|Any CPU.ActiveCfg = Release|Any CPU
		{AC39E02C-E463-46B4-8420-5BC28C0BDFDC}.Release|Any CPU.Build.0 = Release|Any CPU
	EndGlobalSection
	GlobalSection(SolutionProperties) = preSolution
		HideSolutionNode = FALSE
	EndGlobalSection
EndGlobal
